
Microsoft Visual Studio Solution File, Format Version 12.00
# Visual Studio Version 16
VisualStudioVersion = 16.0.30517.126
MinimumVisualStudioVersion = 10.0.40219.1
Project("{9A19103F-16F7-4668-BE54-9A1E7A4F7556}") = "SportsStore", "SportsStore.csproj", "{A6C16E28-E5B1-431C-849B-DE9255F3C40D}"
EndProject
Global
	GlobalSection(SolutionConfigurationPlatforms) = preSolution
		Debug|Any CPU = Debug|Any CPU
		Release|Any CPU = Release|Any CPU
	EndGlobalSection
	GlobalSection(ProjectConfigurationPlatforms) = postSolution
		{A6C16E28-E5B1-431C-849B-DE9255F3C40D}.Debug|Any CPU.ActiveCfg = Debug|Any CPU
		{A6C16E28-E5B1-431C-849B-DE9255F3C40D}.Debug|Any CPU.Build.0 = Debug|Any CPU
		{A6C16E28-E5B1-431C-849B-DE9255F3C40D}.Release|Any CPU.ActiveCfg = Release|Any CPU
		{A6C16E28-E5B1-431C-849B-DE9255F3C40D}.Release|Any CPU.Build.0 = Release|Any CPU
	EndGlobalSection
	GlobalSection(SolutionProperties) = preSolution
		HideSolutionNode = FALSE
	EndGlobalSection
	GlobalSection(ExtensibilityGlobals) = postSolution
		SolutionGuid = {433D580E-9911-446E-A7B0-9076B1283DDD}
	EndGlobalSection
EndGlobal
